// !$*UTF8*$!
{
	archiveVersion = 1;
	classes = {
	};
	objectVersion = 50;
	objects = {

/* Begin PBXBuildFile section */
		1D52E7934ADE6F6BBC41617C /* Pods_MvvmSampleUITests.framework in Frameworks */ = {isa = PBXBuildFile; fileRef = 8D0AC0AA983AA9C94A21C67E /* Pods_MvvmSampleUITests.framework */; };
		58F1339B2216703900797C5F /* AppDelegate.swift in Sources */ = {isa = PBXBuildFile; fileRef = 58F1339A2216703900797C5F /* AppDelegate.swift */; };
		58F1339D2216703900797C5F /* ViewController.swift in Sources */ = {isa = PBXBuildFile; fileRef = 58F1339C2216703900797C5F /* ViewController.swift */; };
		58F133A22216703B00797C5F /* Assets.xcassets in Resources */ = {isa = PBXBuildFile; fileRef = 58F133A12216703B00797C5F /* Assets.xcassets */; };
		58F133A52216703B00797C5F /* LaunchScreen.storyboard in Resources */ = {isa = PBXBuildFile; fileRef = 58F133A32216703B00797C5F /* LaunchScreen.storyboard */; };
		58F133B02216703B00797C5F /* MvvmSampleTests.swift in Sources */ = {isa = PBXBuildFile; fileRef = 58F133AF2216703B00797C5F /* MvvmSampleTests.swift */; };
		58F133BB2216703B00797C5F /* MvvmSampleUITests.swift in Sources */ = {isa = PBXBuildFile; fileRef = 58F133BA2216703B00797C5F /* MvvmSampleUITests.swift */; };
		58F133CB2216707100797C5F /* SimpleValidationViewController.swift in Sources */ = {isa = PBXBuildFile; fileRef = 58F133C92216707000797C5F /* SimpleValidationViewController.swift */; };
		58F133CC2216707100797C5F /* SimpleValidation.storyboard in Resources */ = {isa = PBXBuildFile; fileRef = 58F133CA2216707000797C5F /* SimpleValidation.storyboard */; };
		58F133CE2216759300797C5F /* Main.storyboard in Resources */ = {isa = PBXBuildFile; fileRef = 58F133CD2216759300797C5F /* Main.storyboard */; };
		615690D6A047FA6DB0B77DDE /* Pods_MvvmSample.framework in Frameworks */ = {isa = PBXBuildFile; fileRef = 027D9D0FE3AA0019FDEF6500 /* Pods_MvvmSample.framework */; };
		EC9A330F536DF1EDB2ACA4D3 /* Pods_MvvmSampleTests.framework in Frameworks */ = {isa = PBXBuildFile; fileRef = F8B3DA1B8A17F618E2EFF45B /* Pods_MvvmSampleTests.framework */; };
/* End PBXBuildFile section */

/* Begin PBXContainerItemProxy section */
		58F133AC2216703B00797C5F /* PBXContainerItemProxy */ = {
			isa = PBXContainerItemProxy;
			containerPortal = 58F1338F2216703900797C5F /* Project object */;
			proxyType = 1;
			remoteGlobalIDString = 58F133962216703900797C5F;
			remoteInfo = MvvmSample;
		};
		58F133B72216703B00797C5F /* PBXContainerItemProxy */ = {
			isa = PBXContainerItemProxy;
			containerPortal = 58F1338F2216703900797C5F /* Project object */;
			proxyType = 1;
			remoteGlobalIDString = 58F133962216703900797C5F;
			remoteInfo = MvvmSample;
		};
/* End PBXContainerItemProxy section */

/* Begin PBXFileReference section */
		0235024DAD353A2795F77467 /* Pods-MvvmSampleTests.debug.xcconfig */ = {isa = PBXFileReference; includeInIndex = 1; lastKnownFileType = text.xcconfig; name = "Pods-MvvmSampleTests.debug.xcconfig"; path = "Pods/Target Support Files/Pods-MvvmSampleTests/Pods-MvvmSampleTests.debug.xcconfig"; sourceTree = "<group>"; };
		027D9D0FE3AA0019FDEF6500 /* Pods_MvvmSample.framework */ = {isa = PBXFileReference; explicitFileType = wrapper.framework; includeInIndex = 0; path = Pods_MvvmSample.framework; sourceTree = BUILT_PRODUCTS_DIR; };
		0530C8E1C28CB47FA540E3D6 /* Pods-MvvmSample.debug.xcconfig */ = {isa = PBXFileReference; includeInIndex = 1; lastKnownFileType = text.xcconfig; name = "Pods-MvvmSample.debug.xcconfig"; path = "Pods/Target Support Files/Pods-MvvmSample/Pods-MvvmSample.debug.xcconfig"; sourceTree = "<group>"; };
		4582F5DFEDE0C8B7120C5723 /* Pods-MvvmSample.release.xcconfig */ = {isa = PBXFileReference; includeInIndex = 1; lastKnownFileType = text.xcconfig; name = "Pods-MvvmSample.release.xcconfig"; path = "Pods/Target Support Files/Pods-MvvmSample/Pods-MvvmSample.release.xcconfig"; sourceTree = "<group>"; };
		58F133972216703900797C5F /* MvvmSample.app */ = {isa = PBXFileReference; explicitFileType = wrapper.application; includeInIndex = 0; path = MvvmSample.app; sourceTree = BUILT_PRODUCTS_DIR; };
		58F1339A2216703900797C5F /* AppDelegate.swift */ = {isa = PBXFileReference; lastKnownFileType = sourcecode.swift; path = AppDelegate.swift; sourceTree = "<group>"; };
		58F1339C2216703900797C5F /* ViewController.swift */ = {isa = PBXFileReference; lastKnownFileType = sourcecode.swift; path = ViewController.swift; sourceTree = "<group>"; };
		58F133A12216703B00797C5F /* Assets.xcassets */ = {isa = PBXFileReference; lastKnownFileType = folder.assetcatalog; path = Assets.xcassets; sourceTree = "<group>"; };
		58F133A42216703B00797C5F /* Base */ = {isa = PBXFileReference; lastKnownFileType = file.storyboard; name = Base; path = Base.lproj/LaunchScreen.storyboard; sourceTree = "<group>"; };
		58F133A62216703B00797C5F /* Info.plist */ = {isa = PBXFileReference; lastKnownFileType = text.plist.xml; path = Info.plist; sourceTree = "<group>"; };
		58F133AB2216703B00797C5F /* MvvmSampleTests.xctest */ = {isa = PBXFileReference; explicitFileType = wrapper.cfbundle; includeInIndex = 0; path = MvvmSampleTests.xctest; sourceTree = BUILT_PRODUCTS_DIR; };
		58F133AF2216703B00797C5F /* MvvmSampleTests.swift */ = {isa = PBXFileReference; lastKnownFileType = sourcecode.swift; path = MvvmSampleTests.swift; sourceTree = "<group>"; };
		58F133B12216703B00797C5F /* Info.plist */ = {isa = PBXFileReference; lastKnownFileType = text.plist.xml; path = Info.plist; sourceTree = "<group>"; };
		58F133B62216703B00797C5F /* MvvmSampleUITests.xctest */ = {isa = PBXFileReference; explicitFileType = wrapper.cfbundle; includeInIndex = 0; path = MvvmSampleUITests.xctest; sourceTree = BUILT_PRODUCTS_DIR; };
		58F133BA2216703B00797C5F /* MvvmSampleUITests.swift */ = {isa = PBXFileReference; lastKnownFileType = sourcecode.swift; path = MvvmSampleUITests.swift; sourceTree = "<group>"; };
		58F133BC2216703B00797C5F /* Info.plist */ = {isa = PBXFileReference; lastKnownFileType = text.plist.xml; path = Info.plist; sourceTree = "<group>"; };
		58F133C92216707000797C5F /* SimpleValidationViewController.swift */ = {isa = PBXFileReference; fileEncoding = 4; lastKnownFileType = sourcecode.swift; path = SimpleValidationViewController.swift; sourceTree = "<group>"; };
		58F133CA2216707000797C5F /* SimpleValidation.storyboard */ = {isa = PBXFileReference; fileEncoding = 4; lastKnownFileType = file.storyboard; path = SimpleValidation.storyboard; sourceTree = "<group>"; };
		58F133CD2216759300797C5F /* Main.storyboard */ = {isa = PBXFileReference; fileEncoding = 4; lastKnownFileType = file.storyboard; path = Main.storyboard; sourceTree = "<group>"; };
		74779A1AA3378463A6A8910A /* Pods-MvvmSampleUITests.release.xcconfig */ = {isa = PBXFileReference; includeInIndex = 1; lastKnownFileType = text.xcconfig; name = "Pods-MvvmSampleUITests.release.xcconfig"; path = "Pods/Target Support Files/Pods-MvvmSampleUITests/Pods-MvvmSampleUITests.release.xcconfig"; sourceTree = "<group>"; };
		8D0AC0AA983AA9C94A21C67E /* Pods_MvvmSampleUITests.framework */ = {isa = PBXFileReference; explicitFileType = wrapper.framework; includeInIndex = 0; path = Pods_MvvmSampleUITests.framework; sourceTree = BUILT_PRODUCTS_DIR; };
		9FA7B314061B6A73BC9A0C9B /* Pods-MvvmSampleTests.release.xcconfig */ = {isa = PBXFileReference; includeInIndex = 1; lastKnownFileType = text.xcconfig; name = "Pods-MvvmSampleTests.release.xcconfig"; path = "Pods/Target Support Files/Pods-MvvmSampleTests/Pods-MvvmSampleTests.release.xcconfig"; sourceTree = "<group>"; };
		E3022D059CCD7D478D333061 /* Pods-MvvmSampleUITests.debug.xcconfig */ = {isa = PBXFileReference; includeInIndex = 1; lastKnownFileType = text.xcconfig; name = "Pods-MvvmSampleUITests.debug.xcconfig"; path = "Pods/Target Support Files/Pods-MvvmSampleUITests/Pods-MvvmSampleUITests.debug.xcconfig"; sourceTree = "<group>"; };
		F8B3DA1B8A17F618E2EFF45B /* Pods_MvvmSampleTests.framework */ = {isa = PBXFileReference; explicitFileType = wrapper.framework; includeInIndex = 0; path = Pods_MvvmSampleTests.framework; sourceTree = BUILT_PRODUCTS_DIR; };
/* End PBXFileReference section */

/* Begin PBXFrameworksBuildPhase section */
		58F133942216703900797C5F /* Frameworks */ = {
			isa = PBXFrameworksBuildPhase;
			buildActionMask = 2147483647;
			files = (
				615690D6A047FA6DB0B77DDE /* Pods_MvvmSample.framework in Frameworks */,
			);
			runOnlyForDeploymentPostprocessing = 0;
		};
		58F133A82216703B00797C5F /* Frameworks */ = {
			isa = PBXFrameworksBuildPhase;
			buildActionMask = 2147483647;
			files = (
				EC9A330F536DF1EDB2ACA4D3 /* Pods_MvvmSampleTests.framework in Frameworks */,
			);
			runOnlyForDeploymentPostprocessing = 0;
		};
		58F133B32216703B00797C5F /* Frameworks */ = {
			isa = PBXFrameworksBuildPhase;
			buildActionMask = 2147483647;
			files = (
				1D52E7934ADE6F6BBC41617C /* Pods_MvvmSampleUITests.framework in Frameworks */,
			);
			runOnlyForDeploymentPostprocessing = 0;
		};
/* End PBXFrameworksBuildPhase section */

/* Begin PBXGroup section */
		55C08A2DEA32F0145AC9E306 /* Pods */ = {
			isa = PBXGroup;
			children = (
				0530C8E1C28CB47FA540E3D6 /* Pods-MvvmSample.debug.xcconfig */,
				4582F5DFEDE0C8B7120C5723 /* Pods-MvvmSample.release.xcconfig */,
				0235024DAD353A2795F77467 /* Pods-MvvmSampleTests.debug.xcconfig */,
				9FA7B314061B6A73BC9A0C9B /* Pods-MvvmSampleTests.release.xcconfig */,
				E3022D059CCD7D478D333061 /* Pods-MvvmSampleUITests.debug.xcconfig */,
				74779A1AA3378463A6A8910A /* Pods-MvvmSampleUITests.release.xcconfig */,
			);
			name = Pods;
			sourceTree = "<group>";
		};
		58F1338E2216703900797C5F = {
			isa = PBXGroup;
			children = (
				58F133992216703900797C5F /* MvvmSample */,
				58F133AE2216703B00797C5F /* MvvmSampleTests */,
				58F133B92216703B00797C5F /* MvvmSampleUITests */,
				58F133982216703900797C5F /* Products */,
				55C08A2DEA32F0145AC9E306 /* Pods */,
				C7F2AE52F75EB66334C8DE12 /* Frameworks */,
			);
			sourceTree = "<group>";
		};
		58F133982216703900797C5F /* Products */ = {
			isa = PBXGroup;
			children = (
				58F133972216703900797C5F /* MvvmSample.app */,
				58F133AB2216703B00797C5F /* MvvmSampleTests.xctest */,
				58F133B62216703B00797C5F /* MvvmSampleUITests.xctest */,
			);
			name = Products;
			sourceTree = "<group>";
		};
		58F133992216703900797C5F /* MvvmSample */ = {
			isa = PBXGroup;
			children = (
				58F133C82216706000797C5F /* Login */,
				58F1339A2216703900797C5F /* AppDelegate.swift */,
				58F133CD2216759300797C5F /* Main.storyboard */,
				58F1339C2216703900797C5F /* ViewController.swift */,
				58F133A12216703B00797C5F /* Assets.xcassets */,
				58F133A32216703B00797C5F /* LaunchScreen.storyboard */,
				58F133A62216703B00797C5F /* Info.plist */,
			);
			path = MvvmSample;
			sourceTree = "<group>";
		};
		58F133AE2216703B00797C5F /* MvvmSampleTests */ = {
			isa = PBXGroup;
			children = (
				58F133AF2216703B00797C5F /* MvvmSampleTests.swift */,
				58F133B12216703B00797C5F /* Info.plist */,
			);
			path = MvvmSampleTests;
			sourceTree = "<group>";
		};
		58F133B92216703B00797C5F /* MvvmSampleUITests */ = {
			isa = PBXGroup;
			children = (
				58F133BA2216703B00797C5F /* MvvmSampleUITests.swift */,
				58F133BC2216703B00797C5F /* Info.plist */,
			);
			path = MvvmSampleUITests;
			sourceTree = "<group>";
		};
		58F133C82216706000797C5F /* Login */ = {
			isa = PBXGroup;
			children = (
				58F133CA2216707000797C5F /* SimpleValidation.storyboard */,
				58F133C92216707000797C5F /* SimpleValidationViewController.swift */,
			);
			path = Login;
			sourceTree = "<group>";
		};
		C7F2AE52F75EB66334C8DE12 /* Frameworks */ = {
			isa = PBXGroup;
			children = (
				027D9D0FE3AA0019FDEF6500 /* Pods_MvvmSample.framework */,
				F8B3DA1B8A17F618E2EFF45B /* Pods_MvvmSampleTests.framework */,
				8D0AC0AA983AA9C94A21C67E /* Pods_MvvmSampleUITests.framework */,
			);
			name = Frameworks;
			sourceTree = "<group>";
		};
/* End PBXGroup section */

/* Begin PBXNativeTarget section */
		58F133962216703900797C5F /* MvvmSample */ = {
			isa = PBXNativeTarget;
			buildConfigurationList = 58F133BF2216703B00797C5F /* Build configuration list for PBXNativeTarget "MvvmSample" */;
			buildPhases = (
				761A6857CF1ECD5445CCD624 /* [CP] Check Pods Manifest.lock */,
				58F133932216703900797C5F /* Sources */,
				58F133942216703900797C5F /* Frameworks */,
				58F133952216703900797C5F /* Resources */,
				71F9775839A480F737E40219 /* [CP] Embed Pods Frameworks */,
			);
			buildRules = (
			);
			dependencies = (
			);
			name = MvvmSample;
			productName = MvvmSample;
			productReference = 58F133972216703900797C5F /* MvvmSample.app */;
			productType = "com.apple.product-type.application";
		};
		58F133AA2216703B00797C5F /* MvvmSampleTests */ = {
			isa = PBXNativeTarget;
			buildConfigurationList = 58F133C22216703B00797C5F /* Build configuration list for PBXNativeTarget "MvvmSampleTests" */;
			buildPhases = (
				A084FA6BE9C77531A3E8F35E /* [CP] Check Pods Manifest.lock */,
				58F133A72216703B00797C5F /* Sources */,
				58F133A82216703B00797C5F /* Frameworks */,
				58F133A92216703B00797C5F /* Resources */,
			);
			buildRules = (
			);
			dependencies = (
				58F133AD2216703B00797C5F /* PBXTargetDependency */,
			);
			name = MvvmSampleTests;
			productName = MvvmSampleTests;
			productReference = 58F133AB2216703B00797C5F /* MvvmSampleTests.xctest */;
			productType = "com.apple.product-type.bundle.unit-test";
		};
		58F133B52216703B00797C5F /* MvvmSampleUITests */ = {
			isa = PBXNativeTarget;
			buildConfigurationList = 58F133C52216703B00797C5F /* Build configuration list for PBXNativeTarget "MvvmSampleUITests" */;
			buildPhases = (
				5883BD84091A76BA5D3705B9 /* [CP] Check Pods Manifest.lock */,
				58F133B22216703B00797C5F /* Sources */,
				58F133B32216703B00797C5F /* Frameworks */,
				58F133B42216703B00797C5F /* Resources */,
			);
			buildRules = (
			);
			dependencies = (
				58F133B82216703B00797C5F /* PBXTargetDependency */,
			);
			name = MvvmSampleUITests;
			productName = MvvmSampleUITests;
			productReference = 58F133B62216703B00797C5F /* MvvmSampleUITests.xctest */;
			productType = "com.apple.product-type.bundle.ui-testing";
		};
/* End PBXNativeTarget section */

/* Begin PBXProject section */
		58F1338F2216703900797C5F /* Project object */ = {
			isa = PBXProject;
			attributes = {
				LastSwiftUpdateCheck = 1010;
				LastUpgradeCheck = 1010;
				ORGANIZATIONNAME = 1002237;
				TargetAttributes = {
					58F133962216703900797C5F = {
						CreatedOnToolsVersion = 10.1;
					};
					58F133AA2216703B00797C5F = {
						CreatedOnToolsVersion = 10.1;
						TestTargetID = 58F133962216703900797C5F;
					};
					58F133B52216703B00797C5F = {
						CreatedOnToolsVersion = 10.1;
						TestTargetID = 58F133962216703900797C5F;
					};
				};
			};
			buildConfigurationList = 58F133922216703900797C5F /* Build configuration list for PBXProject "MvvmSample" */;
			compatibilityVersion = "Xcode 9.3";
			developmentRegion = en;
			hasScannedForEncodings = 0;
			knownRegions = (
				en,
				Base,
			);
			mainGroup = 58F1338E2216703900797C5F;
			productRefGroup = 58F133982216703900797C5F /* Products */;
			projectDirPath = "";
			projectRoot = "";
			targets = (
				58F133962216703900797C5F /* MvvmSample */,
				58F133AA2216703B00797C5F /* MvvmSampleTests */,
				58F133B52216703B00797C5F /* MvvmSampleUITests */,
			);
		};
/* End PBXProject section */

/* Begin PBXResourcesBuildPhase section */
		58F133952216703900797C5F /* Resources */ = {
			isa = PBXResourcesBuildPhase;
			buildActionMask = 2147483647;
			files = (
				58F133A52216703B00797C5F /* LaunchScreen.storyboard in Resources */,
				58F133A22216703B00797C5F /* Assets.xcassets in Resources */,
				58F133CC2216707100797C5F /* SimpleValidation.storyboard in Resources */,
				58F133CE2216759300797C5F /* Main.storyboard in Resources */,
			);
			runOnlyForDeploymentPostprocessing = 0;
		};
		58F133A92216703B00797C5F /* Resources */ = {
			isa = PBXResourcesBuildPhase;
			buildActionMask = 2147483647;
			files = (
			);
			runOnlyForDeploymentPostprocessing = 0;
		};
		58F133B42216703B00797C5F /* Resources */ = {
			isa = PBXResourcesBuildPhase;
			buildActionMask = 2147483647;
			files = (
			);
			runOnlyForDeploymentPostprocessing = 0;
		};
/* End PBXResourcesBuildPhase section */

/* Begin PBXShellScriptBuildPhase section */
		5883BD84091A76BA5D3705B9 /* [CP] Check Pods Manifest.lock */ = {
			isa = PBXShellScriptBuildPhase;
			buildActionMask = 2147483647;
			files = (
			);
			inputFileListPaths = (
			);
			inputPaths = (
				"${PODS_PODFILE_DIR_PATH}/Podfile.lock",
				"${PODS_ROOT}/Manifest.lock",
			);
			name = "[CP] Check Pods Manifest.lock";
			outputFileListPaths = (
			);
			outputPaths = (
				"$(DERIVED_FILE_DIR)/Pods-MvvmSampleUITests-checkManifestLockResult.txt",
			);
			runOnlyForDeploymentPostprocessing = 0;
			shellPath = /bin/sh;
			shellScript = "diff \"${PODS_PODFILE_DIR_PATH}/Podfile.lock\" \"${PODS_ROOT}/Manifest.lock\" > /dev/null\nif [ $? != 0 ] ; then\n    # print error to STDERR\n    echo \"error: The sandbox is not in sync with the Podfile.lock. Run 'pod install' or update your CocoaPods installation.\" >&2\n    exit 1\nfi\n# This output is used by Xcode 'outputs' to avoid re-running this script phase.\necho \"SUCCESS\" > \"${SCRIPT_OUTPUT_FILE_0}\"\n";
			showEnvVarsInLog = 0;
		};
		71F9775839A480F737E40219 /* [CP] Embed Pods Frameworks */ = {
			isa = PBXShellScriptBuildPhase;
			buildActionMask = 2147483647;
			files = (
			);
			inputFileListPaths = (
			);
			inputPaths = (
				"${SRCROOT}/Pods/Target Support Files/Pods-MvvmSample/Pods-MvvmSample-frameworks.sh",
				"${BUILT_PRODUCTS_DIR}/RxAtomic/RxAtomic.framework",
				"${BUILT_PRODUCTS_DIR}/RxCocoa/RxCocoa.framework",
				"${BUILT_PRODUCTS_DIR}/RxSwift/RxSwift.framework",
			);
			name = "[CP] Embed Pods Frameworks";
			outputFileListPaths = (
			);
			outputPaths = (
				"${TARGET_BUILD_DIR}/${FRAMEWORKS_FOLDER_PATH}/RxAtomic.framework",
				"${TARGET_BUILD_DIR}/${FRAMEWORKS_FOLDER_PATH}/RxCocoa.framework",
				"${TARGET_BUILD_DIR}/${FRAMEWORKS_FOLDER_PATH}/RxSwift.framework",
			);
			runOnlyForDeploymentPostprocessing = 0;
			shellPath = /bin/sh;
			shellScript = "\"${SRCROOT}/Pods/Target Support Files/Pods-MvvmSample/Pods-MvvmSample-frameworks.sh\"\n";
			showEnvVarsInLog = 0;
		};
		761A6857CF1ECD5445CCD624 /* [CP] Check Pods Manifest.lock */ = {
			isa = PBXShellScriptBuildPhase;
			buildActionMask = 2147483647;
			files = (
			);
			inputFileListPaths = (
			);
			inputPaths = (
				"${PODS_PODFILE_DIR_PATH}/Podfile.lock",
				"${PODS_ROOT}/Manifest.lock",
			);
			name = "[CP] Check Pods Manifest.lock";
			outputFileListPaths = (
			);
			outputPaths = (
				"$(DERIVED_FILE_DIR)/Pods-MvvmSample-checkManifestLockResult.txt",
			);
			runOnlyForDeploymentPostprocessing = 0;
			shellPath = /bin/sh;
			shellScript = "diff \"${PODS_PODFILE_DIR_PATH}/Podfile.lock\" \"${PODS_ROOT}/Manifest.lock\" > /dev/null\nif [ $? != 0 ] ; then\n    # print error to STDERR\n    echo \"error: The sandbox is not in sync with the Podfile.lock. Run 'pod install' or update your CocoaPods installation.\" >&2\n    exit 1\nfi\n# This output is used by Xcode 'outputs' to avoid re-running this script phase.\necho \"SUCCESS\" > \"${SCRIPT_OUTPUT_FILE_0}\"\n";
			showEnvVarsInLog = 0;
		};
		A084FA6BE9C77531A3E8F35E /* [CP] Check Pods Manifest.lock */ = {
			isa = PBXShellScriptBuildPhase;
			buildActionMask = 2147483647;
			files = (
			);
			inputFileListPaths = (
			);
			inputPaths = (
				"${PODS_PODFILE_DIR_PATH}/Podfile.lock",
				"${PODS_ROOT}/Manifest.lock",
			);
			name = "[CP] Check Pods Manifest.lock";
			outputFileListPaths = (
			);
			outputPaths = (
				"$(DERIVED_FILE_DIR)/Pods-MvvmSampleTests-checkManifestLockResult.txt",
			);
			runOnlyForDeploymentPostprocessing = 0;
			shellPath = /bin/sh;
			shellScript = "diff \"${PODS_PODFILE_DIR_PATH}/Podfile.lock\" \"${PODS_ROOT}/Manifest.lock\" > /dev/null\nif [ $? != 0 ] ; then\n    # print error to STDERR\n    echo \"error: The sandbox is not in sync with the Podfile.lock. Run 'pod install' or update your CocoaPods installation.\" >&2\n    exit 1\nfi\n# This output is used by Xcode 'outputs' to avoid re-running this script phase.\necho \"SUCCESS\" > \"${SCRIPT_OUTPUT_FILE_0}\"\n";
			showEnvVarsInLog = 0;
		};
/* End PBXShellScriptBuildPhase section */

/* Begin PBXSourcesBuildPhase section */
		58F133932216703900797C5F /* Sources */ = {
			isa = PBXSourcesBuildPhase;
			buildActionMask = 2147483647;
			files = (
				58F1339D2216703900797C5F /* ViewController.swift in Sources */,
				58F1339B2216703900797C5F /* AppDelegate.swift in Sources */,
				58F133CB2216707100797C5F /* SimpleValidationViewController.swift in Sources */,
			);
			runOnlyForDeploymentPostprocessing = 0;
		};
		58F133A72216703B00797C5F /* Sources */ = {
			isa = PBXSourcesBuildPhase;
			buildActionMask = 2147483647;
			files = (
				58F133B02216703B00797C5F /* MvvmSampleTests.swift in Sources */,
			);
			runOnlyForDeploymentPostprocessing = 0;
		};
		58F133B22216703B00797C5F /* Sources */ = {
			isa = PBXSourcesBuildPhase;
			buildActionMask = 2147483647;
			files = (
				58F133BB2216703B00797C5F /* MvvmSampleUITests.swift in Sources */,
			);
			runOnlyForDeploymentPostprocessing = 0;
		};
/* End PBXSourcesBuildPhase section */

/* Begin PBXTargetDependency section */
		58F133AD2216703B00797C5F /* PBXTargetDependency */ = {
			isa = PBXTargetDependency;
			target = 58F133962216703900797C5F /* MvvmSample */;
			targetProxy = 58F133AC2216703B00797C5F /* PBXContainerItemProxy */;
		};
		58F133B82216703B00797C5F /* PBXTargetDependency */ = {
			isa = PBXTargetDependency;
			target = 58F133962216703900797C5F /* MvvmSample */;
			targetProxy = 58F133B72216703B00797C5F /* PBXContainerItemProxy */;
		};
/* End PBXTargetDependency section */

/* Begin PBXVariantGroup section */
		58F133A32216703B00797C5F /* LaunchScreen.storyboard */ = {
			isa = PBXVariantGroup;
			children = (
				58F133A42216703B00797C5F /* Base */,
			);
			name = LaunchScreen.storyboard;
			sourceTree = "<group>";
		};
/* End PBXVariantGroup section */

/* Begin XCBuildConfiguration section */
		58F133BD2216703B00797C5F /* Debug */ = {
			isa = XCBuildConfiguration;
			buildSettings = {
				ALWAYS_SEARCH_USER_PATHS = NO;
				CLANG_ANALYZER_NONNULL = YES;
				CLANG_ANALYZER_NUMBER_OBJECT_CONVERSION = YES_AGGRESSIVE;
				CLANG_CXX_LANGUAGE_STANDARD = "gnu++14";
				CLANG_CXX_LIBRARY = "libc++";
				CLANG_ENABLE_MODULES = YES;
				CLANG_ENABLE_OBJC_ARC = YES;
				CLANG_ENABLE_OBJC_WEAK = YES;
				CLANG_WARN_BLOCK_CAPTURE_AUTORELEASING = YES;
				CLANG_WARN_BOOL_CONVERSION = YES;
				CLANG_WARN_COMMA = YES;
				CLANG_WARN_CONSTANT_CONVERSION = YES;
				CLANG_WARN_DEPRECATED_OBJC_IMPLEMENTATIONS = YES;
				CLANG_WARN_DIRECT_OBJC_ISA_USAGE = YES_ERROR;
				CLANG_WARN_DOCUMENTATION_COMMENTS = YES;
				CLANG_WARN_EMPTY_BODY = YES;
				CLANG_WARN_ENUM_CONVERSION = YES;
				CLANG_WARN_INFINITE_RECURSION = YES;
				CLANG_WARN_INT_CONVERSION = YES;
				CLANG_WARN_NON_LITERAL_NULL_CONVERSION = YES;
				CLANG_WARN_OBJC_IMPLICIT_RETAIN_SELF = YES;
				CLANG_WARN_OBJC_LITERAL_CONVERSION = YES;
				CLANG_WARN_OBJC_ROOT_CLASS = YES_ERROR;
				CLANG_WARN_RANGE_LOOP_ANALYSIS = YES;
				CLANG_WARN_STRICT_PROTOTYPES = YES;
				CLANG_WARN_SUSPICIOUS_MOVE = YES;
				CLANG_WARN_UNGUARDED_AVAILABILITY = YES_AGGRESSIVE;
				CLANG_WARN_UNREACHABLE_CODE = YES;
				CLANG_WARN__DUPLICATE_METHOD_MATCH = YES;
				CODE_SIGN_IDENTITY = "iPhone Developer";
				COPY_PHASE_STRIP = NO;
				DEBUG_INFORMATION_FORMAT = dwarf;
				ENABLE_STRICT_OBJC_MSGSEND = YES;
				ENABLE_TESTABILITY = YES;
				GCC_C_LANGUAGE_STANDARD = gnu11;
				GCC_DYNAMIC_NO_PIC = NO;
				GCC_NO_COMMON_BLOCKS = YES;
				GCC_OPTIMIZATION_LEVEL = 0;
				GCC_PREPROCESSOR_DEFINITIONS = (
					"DEBUG=1",
					"$(inherited)",
				);
				GCC_WARN_64_TO_32_BIT_CONVERSION = YES;
				GCC_WARN_ABOUT_RETURN_TYPE = YES_ERROR;
				GCC_WARN_UNDECLARED_SELECTOR = YES;
				GCC_WARN_UNINITIALIZED_AUTOS = YES_AGGRESSIVE;
				GCC_WARN_UNUSED_FUNCTION = YES;
				GCC_WARN_UNUSED_VARIABLE = YES;
				IPHONEOS_DEPLOYMENT_TARGET = 12.1;
				MTL_ENABLE_DEBUG_INFO = INCLUDE_SOURCE;
				MTL_FAST_MATH = YES;
				ONLY_ACTIVE_ARCH = YES;
				SDKROOT = iphoneos;
				SWIFT_ACTIVE_COMPILATION_CONDITIONS = DEBUG;
				SWIFT_OPTIMIZATION_LEVEL = "-Onone";
			};
			name = Debug;
		};
		58F133BE2216703B00797C5F /* Release */ = {
			isa = XCBuildConfiguration;
			buildSettings = {
				ALWAYS_SEARCH_USER_PATHS = NO;
				CLANG_ANALYZER_NONNULL = YES;
				CLANG_ANALYZER_NUMBER_OBJECT_CONVERSION = YES_AGGRESSIVE;
				CLANG_CXX_LANGUAGE_STANDARD = "gnu++14";
				CLANG_CXX_LIBRARY = "libc++";
				CLANG_ENABLE_MODULES = YES;
				CLANG_ENABLE_OBJC_ARC = YES;
				CLANG_ENABLE_OBJC_WEAK = YES;
				CLANG_WARN_BLOCK_CAPTURE_AUTORELEASING = YES;
				CLANG_WARN_BOOL_CONVERSION = YES;
				CLANG_WARN_COMMA = YES;
				CLANG_WARN_CONSTANT_CONVERSION = YES;
				CLANG_WARN_DEPRECATED_OBJC_IMPLEMENTATIONS = YES;
				CLANG_WARN_DIRECT_OBJC_ISA_USAGE = YES_ERROR;
				CLANG_WARN_DOCUMENTATION_COMMENTS = YES;
				CLANG_WARN_EMPTY_BODY = YES;
				CLANG_WARN_ENUM_CONVERSION = YES;
				CLANG_WARN_INFINITE_RECURSION = YES;
				CLANG_WARN_INT_CONVERSION = YES;
				CLANG_WARN_NON_LITERAL_NULL_CONVERSION = YES;
				CLANG_WARN_OBJC_IMPLICIT_RETAIN_SELF = YES;
				CLANG_WARN_OBJC_LITERAL_CONVERSION = YES;
				CLANG_WARN_OBJC_ROOT_CLASS = YES_ERROR;
				CLANG_WARN_RANGE_LOOP_ANALYSIS = YES;
				CLANG_WARN_STRICT_PROTOTYPES = YES;
				CLANG_WARN_SUSPICIOUS_MOVE = YES;
				CLANG_WARN_UNGUARDED_AVAILABILITY = YES_AGGRESSIVE;
				CLANG_WARN_UNREACHABLE_CODE = YES;
				CLANG_WARN__DUPLICATE_METHOD_MATCH = YES;
				CODE_SIGN_IDENTITY = "iPhone Developer";
				COPY_PHASE_STRIP = NO;
				DEBUG_INFORMATION_FORMAT = "dwarf-with-dsym";
				ENABLE_NS_ASSERTIONS = NO;
				ENABLE_STRICT_OBJC_MSGSEND = YES;
				GCC_C_LANGUAGE_STANDARD = gnu11;
				GCC_NO_COMMON_BLOCKS = YES;
				GCC_WARN_64_TO_32_BIT_CONVERSION = YES;
				GCC_WARN_ABOUT_RETURN_TYPE = YES_ERROR;
				GCC_WARN_UNDECLARED_SELECTOR = YES;
				GCC_WARN_UNINITIALIZED_AUTOS = YES_AGGRESSIVE;
				GCC_WARN_UNUSED_FUNCTION = YES;
				GCC_WARN_UNUSED_VARIABLE = YES;
				IPHONEOS_DEPLOYMENT_TARGET = 12.1;
				MTL_ENABLE_DEBUG_INFO = NO;
				MTL_FAST_MATH = YES;
				SDKROOT = iphoneos;
				SWIFT_COMPILATION_MODE = wholemodule;
				SWIFT_OPTIMIZATION_LEVEL = "-O";
				VALIDATE_PRODUCT = YES;
			};
			name = Release;
		};
		58F133C02216703B00797C5F /* Debug */ = {
			isa = XCBuildConfiguration;
			baseConfigurationReference = 0530C8E1C28CB47FA540E3D6 /* Pods-MvvmSample.debug.xcconfig */;
			buildSettings = {
				ASSETCATALOG_COMPILER_APPICON_NAME = AppIcon;
				CODE_SIGN_STYLE = Automatic;
				DEVELOPMENT_TEAM = PHFRT58RKX;
				INFOPLIST_FILE = MvvmSample/Info.plist;
				LD_RUNPATH_SEARCH_PATHS = (
					"$(inherited)",
					"@executable_path/Frameworks",
				);
				PRODUCT_BUNDLE_IDENTIFIER = SKPlanet.MvvmSample;
				PRODUCT_NAME = "$(TARGET_NAME)";
				SWIFT_VERSION = 4.2;
				TARGETED_DEVICE_FAMILY = "1,2";
			};
			name = Debug;
		};
		58F133C12216703B00797C5F /* Release */ = {
			isa = XCBuildConfiguration;
			baseConfigurationReference = 4582F5DFEDE0C8B7120C5723 /* Pods-MvvmSample.release.xcconfig */;
			buildSettings = {
				ASSETCATALOG_COMPILER_APPICON_NAME = AppIcon;
				CODE_SIGN_STYLE = Automatic;
				DEVELOPMENT_TEAM = PHFRT58RKX;
				INFOPLIST_FILE = MvvmSample/Info.plist;
				LD_RUNPATH_SEARCH_PATHS = (
					"$(inherited)",
					"@executable_path/Frameworks",
				);
				PRODUCT_BUNDLE_IDENTIFIER = SKPlanet.MvvmSample;
				PRODUCT_NAME = "$(TARGET_NAME)";
				SWIFT_VERSION = 4.2;
				TARGETED_DEVICE_FAMILY = "1,2";
			};
			name = Release;
		};
		58F133C32216703B00797C5F /* Debug */ = {
			isa = XCBuildConfiguration;
			baseConfigurationReference = 0235024DAD353A2795F77467 /* Pods-MvvmSampleTests.debug.xcconfig */;
			buildSettings = {
				ALWAYS_EMBED_SWIFT_STANDARD_LIBRARIES = YES;
				BUNDLE_LOADER = "$(TEST_HOST)";
				CODE_SIGN_STYLE = Automatic;
				DEVELOPMENT_TEAM = PHFRT58RKX;
				INFOPLIST_FILE = MvvmSampleTests/Info.plist;
				LD_RUNPATH_SEARCH_PATHS = (
					"$(inherited)",
					"@executable_path/Frameworks",
					"@loader_path/Frameworks",
				);
				PRODUCT_BUNDLE_IDENTIFIER = SKPlanet.MvvmSampleTests;
				PRODUCT_NAME = "$(TARGET_NAME)";
				SWIFT_VERSION = 4.2;
				TARGETED_DEVICE_FAMILY = "1,2";
				TEST_HOST = "$(BUILT_PRODUCTS_DIR)/MvvmSample.app/MvvmSample";
			};
			name = Debug;
		};
		58F133C42216703B00797C5F /* Release */ = {
			isa = XCBuildConfiguration;
			baseConfigurationReference = 9FA7B314061B6A73BC9A0C9B /* Pods-MvvmSampleTests.release.xcconfig */;
			buildSettings = {
				ALWAYS_EMBED_SWIFT_STANDARD_LIBRARIES = YES;
				BUNDLE_LOADER = "$(TEST_HOST)";
				CODE_SIGN_STYLE = Automatic;
				DEVELOPMENT_TEAM = PHFRT58RKX;
				INFOPLIST_FILE = MvvmSampleTests/Info.plist;
				LD_RUNPATH_SEARCH_PATHS = (
					"$(inherited)",
					"@executable_path/Frameworks",
					"@loader_path/Frameworks",
				);
				PRODUCT_BUNDLE_IDENTIFIER = SKPlanet.MvvmSampleTests;
				PRODUCT_NAME = "$(TARGET_NAME)";
				SWIFT_VERSION = 4.2;
				TARGETED_DEVICE_FAMILY = "1,2";
				TEST_HOST = "$(BUILT_PRODUCTS_DIR)/MvvmSample.app/MvvmSample";
			};
			name = Release;
		};
		58F133C62216703B00797C5F /* Debug */ = {
			isa = XCBuildConfiguration;
			baseConfigurationReference = E3022D059CCD7D478D333061 /* Pods-MvvmSampleUITests.debug.xcconfig */;
			buildSettings = {
				ALWAYS_EMBED_SWIFT_STANDARD_LIBRARIES = YES;
				CODE_SIGN_STYLE = Automatic;
				DEVELOPMENT_TEAM = PHFRT58RKX;
				INFOPLIST_FILE = MvvmSampleUITests/Info.plist;
				LD_RUNPATH_SEARCH_PATHS = (
					"$(inherited)",
					"@executable_path/Frameworks",
					"@loader_path/Frameworks",
				);
				PRODUCT_BUNDLE_IDENTIFIER = SKPlanet.MvvmSampleUITests;
				PRODUCT_NAME = "$(TARGET_NAME)";
				SWIFT_VERSION = 4.2;
				TARGETED_DEVICE_FAMILY = "1,2";
				TEST_TARGET_NAME = MvvmSample;
			};
			name = Debug;
		};
		58F133C72216703B00797C5F /* Release */ = {
			isa = XCBuildConfiguration;
			baseConfigurationReference = 74779A1AA3378463A6A8910A /* Pods-MvvmSampleUITests.release.xcconfig */;
			buildSettings = {
				ALWAYS_EMBED_SWIFT_STANDARD_LIBRARIES = YES;
				CODE_SIGN_STYLE = Automatic;
				DEVELOPMENT_TEAM = PHFRT58RKX;
				INFOPLIST_FILE = MvvmSampleUITests/Info.plist;
				LD_RUNPATH_SEARCH_PATHS = (
					"$(inherited)",
					"@executable_path/Frameworks",
					"@loader_path/Frameworks",
				);
				PRODUCT_BUNDLE_IDENTIFIER = SKPlanet.MvvmSampleUITests;
				PRODUCT_NAME = "$(TARGET_NAME)";
				SWIFT_VERSION = 4.2;
				TARGETED_DEVICE_FAMILY = "1,2";
				TEST_TARGET_NAME = MvvmSample;
			};
			name = Release;
		};
/* End XCBuildConfiguration section */

/* Begin XCConfigurationList section */
		58F133922216703900797C5F /* Build configuration list for PBXProject "MvvmSample" */ = {
			isa = XCConfigurationList;
			buildConfigurations = (
				58F133BD2216703B00797C5F /* Debug */,
				58F133BE2216703B00797C5F /* Release */,
			);
			defaultConfigurationIsVisible = 0;
			defaultConfigurationName = Release;
		};
		58F133BF2216703B00797C5F /* Build configuration list for PBXNativeTarget "MvvmSample" */ = {
			isa = XCConfigurationList;
			buildConfigurations = (
				58F133C02216703B00797C5F /* Debug */,
				58F133C12216703B00797C5F /* Release */,
			);
			defaultConfigurationIsVisible = 0;
			defaultConfigurationName = Release;
		};
		58F133C22216703B00797C5F /* Build configuration list for PBXNativeTarget "MvvmSampleTests" */ = {
			isa = XCConfigurationList;
			buildConfigurations = (
				58F133C32216703B00797C5F /* Debug */,
				58F133C42216703B00797C5F /* Release */,
			);
			defaultConfigurationIsVisible = 0;
			defaultConfigurationName = Release;
		};
		58F133C52216703B00797C5F /* Build configuration list for PBXNativeTarget "MvvmSampleUITests" */ = {
			isa = XCConfigurationList;
			buildConfigurations = (
				58F133C62216703B00797C5F /* Debug */,
				58F133C72216703B00797C5F /* Release */,
			);
			defaultConfigurationIsVisible = 0;
			defaultConfigurationName = Release;
		};
/* End XCConfigurationList section */
	};
	rootObject = 58F1338F2216703900797C5F /* Project object */;
}
